
Microsoft Visual Studio Solution File, Format Version 12.00
# Visual Studio Version 17
VisualStudioVersion = 17.9.34616.47
MinimumVisualStudioVersion = 10.0.40219.1
Project("{FAE04EC0-301F-11D3-BF4B-00C04F79EFBC}") = "PFA__Project", "PFA__Project\PFA__Project.csproj", "{8D88C053-9E13-4615-9840-9836DAA57D2E}"
EndProject
Global
	GlobalSection(SolutionConfigurationPlatforms) = preSolution
		Debug|Any CPU = Debug|Any CPU
		Release|Any CPU = Release|Any CPU
	EndGlobalSection
	GlobalSection(ProjectConfigurationPlatforms) = postSolution
		{8D88C053-9E13-4615-9840-9836DAA57D2E}.Debug|Any CPU.ActiveCfg = Debug|Any CPU
		{8D88C053-9E13-4615-9840-9836DAA57D2E}.Debug|Any CPU.Build.0 = Debug|Any CPU
		{8D88C053-9E13-4615-9840-9836DAA57D2E}.Release|Any CPU.ActiveCfg = Release|Any CPU
		{8D88C053-9E13-4615-9840-9836DAA57D2E}.Release|Any CPU.Build.0 = Release|Any CPU
	EndGlobalSection
	GlobalSection(SolutionProperties) = preSolution
		HideSolutionNode = FALSE
	EndGlobalSection
	GlobalSection(ExtensibilityGlobals) = postSolution
		SolutionGuid = {5798C8D7-893E-4B00-AE8E-1EA043CA531D}
	EndGlobalSection
EndGlobal
