
Microsoft Visual Studio Solution File, Format Version 12.00
# Visual Studio Version 17
VisualStudioVersion = 17.9.34616.47
MinimumVisualStudioVersion = 10.0.40219.1
Project("{FAE04EC0-301F-11D3-BF4B-00C04F79EFBC}") = "PFA__Project", "PFA__Project\PFA__Project.csproj", "{35862B20-8C1D-4A16-839A-BAB7210D80C8}"
EndProject
Global
	GlobalSection(SolutionConfigurationPlatforms) = preSolution
		Debug|Any CPU = Debug|Any CPU
		Release|Any CPU = Release|Any CPU
	EndGlobalSection
	GlobalSection(ProjectConfigurationPlatforms) = postSolution
		{35862B20-8C1D-4A16-839A-BAB7210D80C8}.Debug|Any CPU.ActiveCfg = Debug|Any CPU
		{35862B20-8C1D-4A16-839A-BAB7210D80C8}.Debug|Any CPU.Build.0 = Debug|Any CPU
		{35862B20-8C1D-4A16-839A-BAB7210D80C8}.Release|Any CPU.ActiveCfg = Release|Any CPU
		{35862B20-8C1D-4A16-839A-BAB7210D80C8}.Release|Any CPU.Build.0 = Release|Any CPU
	EndGlobalSection
	GlobalSection(SolutionProperties) = preSolution
		HideSolutionNode = FALSE
	EndGlobalSection
	GlobalSection(ExtensibilityGlobals) = postSolution
		SolutionGuid = {896D3D4D-B34E-49ED-9558-447C10A9B3CC}
	EndGlobalSection
EndGlobal
